
Microsoft Visual Studio Solution File, Format Version 12.00
# Visual Studio Version 16
VisualStudioVersion = 16.0.31005.135
MinimumVisualStudioVersion = 10.0.40219.1
Project("{FAE04EC0-301F-11D3-BF4B-00C04F79EFBC}") = "WebApp", "Quiz\WebApp.csproj", "{18E6E2A9-C341-4D7B-A403-719A63AE325C}"
EndProject
Project("{FAE04EC0-301F-11D3-BF4B-00C04F79EFBC}") = "WebApp.Domain", "Domain\WebApp.Domain.csproj", "{041F7D7D-1C49-4AC2-9C97-DD3BCE8762D3}"
EndProject
Project("{FAE04EC0-301F-11D3-BF4B-00C04F79EFBC}") = "WebApp.Infrastructure", "Infrastructure\WebApp.Infrastructure.csproj", "{FA291ED9-F77D-4B3A-98BB-73FB25F55631}"
EndProject
Project("{FAE04EC0-301F-11D3-BF4B-00C04F79EFBC}") = "WebApp.Shared", "WebApp.Shared\WebApp.Shared.csproj", "{18A928C0-6DEC-42AC-8D4F-7955564BC5C4}"
EndProject
Global
	GlobalSection(SolutionConfigurationPlatforms) = preSolution
		Debug|Any CPU = Debug|Any CPU
		Release|Any CPU = Release|Any CPU
	EndGlobalSection
	GlobalSection(ProjectConfigurationPlatforms) = postSolution
		{18E6E2A9-C341-4D7B-A403-719A63AE325C}.Debug|Any CPU.ActiveCfg = Debug|Any CPU
		{18E6E2A9-C341-4D7B-A403-719A63AE325C}.Debug|Any CPU.Build.0 = Debug|Any CPU
		{18E6E2A9-C341-4D7B-A403-719A63AE325C}.Release|Any CPU.ActiveCfg = Release|Any CPU
		{18E6E2A9-C341-4D7B-A403-719A63AE325C}.Release|Any CPU.Build.0 = Release|Any CPU
		{041F7D7D-1C49-4AC2-9C97-DD3BCE8762D3}.Debug|Any CPU.ActiveCfg = Debug|Any CPU
		{041F7D7D-1C49-4AC2-9C97-DD3BCE8762D3}.Debug|Any CPU.Build.0 = Debug|Any CPU
		{041F7D7D-1C49-4AC2-9C97-DD3BCE8762D3}.Release|Any CPU.ActiveCfg = Release|Any CPU
		{041F7D7D-1C49-4AC2-9C97-DD3BCE8762D3}.Release|Any CPU.Build.0 = Release|Any CPU
		{FA291ED9-F77D-4B3A-98BB-73FB25F55631}.Debug|Any CPU.ActiveCfg = Debug|Any CPU
		{FA291ED9-F77D-4B3A-98BB-73FB25F55631}.Debug|Any CPU.Build.0 = Debug|Any CPU
		{FA291ED9-F77D-4B3A-98BB-73FB25F55631}.Release|Any CPU.ActiveCfg = Release|Any CPU
		{FA291ED9-F77D-4B3A-98BB-73FB25F55631}.Release|Any CPU.Build.0 = Release|Any CPU
		{18A928C0-6DEC-42AC-8D4F-7955564BC5C4}.Debug|Any CPU.ActiveCfg = Debug|Any CPU
		{18A928C0-6DEC-42AC-8D4F-7955564BC5C4}.Debug|Any CPU.Build.0 = Debug|Any CPU
		{18A928C0-6DEC-42AC-8D4F-7955564BC5C4}.Release|Any CPU.ActiveCfg = Release|Any CPU
		{18A928C0-6DEC-42AC-8D4F-7955564BC5C4}.Release|Any CPU.Build.0 = Release|Any CPU
	EndGlobalSection
	GlobalSection(SolutionProperties) = preSolution
		HideSolutionNode = FALSE
	EndGlobalSection
	GlobalSection(ExtensibilityGlobals) = postSolution
		SolutionGuid = {322C0656-0245-4881-B9E1-F790C0561F3C}
	EndGlobalSection
EndGlobal
